
Microsoft Visual Studio Solution File, Format Version 12.00
# Visual Studio Version 16
VisualStudioVersion = 16.0.30428.66
MinimumVisualStudioVersion = 10.0.40219.1
Project("{2150E333-8FDC-42A3-9474-1A3956D46DE8}") = "01-TopLevelPrograms", "01-TopLevelPrograms", "{FCC411F5-EFAF-4C4D-B7B1-A7BD659AA5C4}"
EndProject
Project("{2150E333-8FDC-42A3-9474-1A3956D46DE8}") = "02-InitOnlyProperties", "02-InitOnlyProperties", "{713FE13D-2A26-4996-9A87-7DD967A51D47}"
EndProject
Project("{2150E333-8FDC-42A3-9474-1A3956D46DE8}") = "03-RelationalPatterns", "03-RelationalPatterns", "{8DFE7907-E3A7-4BAB-A8BE-9F5CA202267A}"
EndProject
Project("{2150E333-8FDC-42A3-9474-1A3956D46DE8}") = "04-LogicalPatterns", "04-LogicalPatterns", "{B4C315F9-A46A-48C0-8B82-FD433FAD536F}"
EndProject
Project("{2150E333-8FDC-42A3-9474-1A3956D46DE8}") = "05-IsNotOperator", "05-IsNotOperator", "{C4DCB760-81E3-4831-8561-408A39F8197F}"
EndProject
Project("{2150E333-8FDC-42A3-9474-1A3956D46DE8}") = "06-NullValidation", "06-NullValidation", "{A9B5BB2C-F642-4B1C-8419-880FE3691AF9}"
EndProject
Project("{2150E333-8FDC-42A3-9474-1A3956D46DE8}") = "07-Records", "07-Records", "{0D10A3D3-2CE6-4FB3-9A31-18F8223BA043}"
EndProject
Project("{FAE04EC0-301F-11D3-BF4B-00C04F79EFBC}") = "TopLevelPrograms", "TopLevelPrograms\TopLevelPrograms.csproj", "{A19FB64C-5A8C-4E81-A17B-88B3485EAC78}"
EndProject
Project("{FAE04EC0-301F-11D3-BF4B-00C04F79EFBC}") = "InitOnlyProperties", "InitOnlyProperties\InitOnlyProperties.csproj", "{139614B8-A81C-451D-A22C-8DFE06730FC1}"
EndProject
Project("{FAE04EC0-301F-11D3-BF4B-00C04F79EFBC}") = "RelationalPatterns", "RelationalPatterns\RelationalPatterns.csproj", "{55D79B22-690C-4567-8FFD-D757BBC7C8D9}"
EndProject
Project("{FAE04EC0-301F-11D3-BF4B-00C04F79EFBC}") = "LogicalPatterns", "LogicalPatterns\LogicalPatterns.csproj", "{D539229F-FA3E-419A-99AA-F480A5B7E624}"
EndProject
Project("{FAE04EC0-301F-11D3-BF4B-00C04F79EFBC}") = "IsNotOperator", "IsNotOperator\IsNotOperator.csproj", "{EDB5EBA3-23EE-47A6-9195-02EBD398AAB8}"
EndProject
Project("{FAE04EC0-301F-11D3-BF4B-00C04F79EFBC}") = "NullValidation", "NullValidation\NullValidation.csproj", "{363402DB-4C11-49CB-9AF2-8263A6742EEB}"
EndProject
Project("{FAE04EC0-301F-11D3-BF4B-00C04F79EFBC}") = "Records", "Records\Records.csproj", "{D10AE1D9-991A-4E3C-9F64-5DB8354FB39D}"
EndProject
Project("{2150E333-8FDC-42A3-9474-1A3956D46DE8}") = "08-WithPatterns", "08-WithPatterns", "{0478C6A1-136E-4FB1-A4FA-694C4DAAA64D}"
EndProject
Project("{FAE04EC0-301F-11D3-BF4B-00C04F79EFBC}") = "WithPatterns", "WithPatterns\WithPatterns.csproj", "{3ABD539D-91EC-4464-8852-5DBA03D6E6CF}"
EndProject
Project("{2150E333-8FDC-42A3-9474-1A3956D46DE8}") = "09-RecordsSimple", "09-RecordsSimple", "{0AA699BD-0DBC-429C-9AC1-B9DBBC0E8FA8}"
EndProject
Project("{FAE04EC0-301F-11D3-BF4B-00C04F79EFBC}") = "RecordsSimple", "RecordsSimple\RecordsSimple.csproj", "{B04FB19C-BA5C-4D2F-8F31-1F21920854D0}"
EndProject
Project("{2150E333-8FDC-42A3-9474-1A3956D46DE8}") = "10-", "10-", "{5981ED75-9B69-4D37-8F08-790D22976F50}"
EndProject
Global
	GlobalSection(SolutionConfigurationPlatforms) = preSolution
		Debug|Any CPU = Debug|Any CPU
		Release|Any CPU = Release|Any CPU
	EndGlobalSection
	GlobalSection(ProjectConfigurationPlatforms) = postSolution
		{A19FB64C-5A8C-4E81-A17B-88B3485EAC78}.Debug|Any CPU.ActiveCfg = Debug|Any CPU
		{A19FB64C-5A8C-4E81-A17B-88B3485EAC78}.Debug|Any CPU.Build.0 = Debug|Any CPU
		{A19FB64C-5A8C-4E81-A17B-88B3485EAC78}.Release|Any CPU.ActiveCfg = Release|Any CPU
		{A19FB64C-5A8C-4E81-A17B-88B3485EAC78}.Release|Any CPU.Build.0 = Release|Any CPU
		{139614B8-A81C-451D-A22C-8DFE06730FC1}.Debug|Any CPU.ActiveCfg = Debug|Any CPU
		{139614B8-A81C-451D-A22C-8DFE06730FC1}.Debug|Any CPU.Build.0 = Debug|Any CPU
		{139614B8-A81C-451D-A22C-8DFE06730FC1}.Release|Any CPU.ActiveCfg = Release|Any CPU
		{139614B8-A81C-451D-A22C-8DFE06730FC1}.Release|Any CPU.Build.0 = Release|Any CPU
		{55D79B22-690C-4567-8FFD-D757BBC7C8D9}.Debug|Any CPU.ActiveCfg = Debug|Any CPU
		{55D79B22-690C-4567-8FFD-D757BBC7C8D9}.Debug|Any CPU.Build.0 = Debug|Any CPU
		{55D79B22-690C-4567-8FFD-D757BBC7C8D9}.Release|Any CPU.ActiveCfg = Release|Any CPU
		{55D79B22-690C-4567-8FFD-D757BBC7C8D9}.Release|Any CPU.Build.0 = Release|Any CPU
		{D539229F-FA3E-419A-99AA-F480A5B7E624}.Debug|Any CPU.ActiveCfg = Debug|Any CPU
		{D539229F-FA3E-419A-99AA-F480A5B7E624}.Debug|Any CPU.Build.0 = Debug|Any CPU
		{D539229F-FA3E-419A-99AA-F480A5B7E624}.Release|Any CPU.ActiveCfg = Release|Any CPU
		{D539229F-FA3E-419A-99AA-F480A5B7E624}.Release|Any CPU.Build.0 = Release|Any CPU
		{EDB5EBA3-23EE-47A6-9195-02EBD398AAB8}.Debug|Any CPU.ActiveCfg = Debug|Any CPU
		{EDB5EBA3-23EE-47A6-9195-02EBD398AAB8}.Debug|Any CPU.Build.0 = Debug|Any CPU
		{EDB5EBA3-23EE-47A6-9195-02EBD398AAB8}.Release|Any CPU.ActiveCfg = Release|Any CPU
		{EDB5EBA3-23EE-47A6-9195-02EBD398AAB8}.Release|Any CPU.Build.0 = Release|Any CPU
		{363402DB-4C11-49CB-9AF2-8263A6742EEB}.Debug|Any CPU.ActiveCfg = Debug|Any CPU
		{363402DB-4C11-49CB-9AF2-8263A6742EEB}.Debug|Any CPU.Build.0 = Debug|Any CPU
		{363402DB-4C11-49CB-9AF2-8263A6742EEB}.Release|Any CPU.ActiveCfg = Release|Any CPU
		{363402DB-4C11-49CB-9AF2-8263A6742EEB}.Release|Any CPU.Build.0 = Release|Any CPU
		{D10AE1D9-991A-4E3C-9F64-5DB8354FB39D}.Debug|Any CPU.ActiveCfg = Debug|Any CPU
		{D10AE1D9-991A-4E3C-9F64-5DB8354FB39D}.Debug|Any CPU.Build.0 = Debug|Any CPU
		{D10AE1D9-991A-4E3C-9F64-5DB8354FB39D}.Release|Any CPU.ActiveCfg = Release|Any CPU
		{D10AE1D9-991A-4E3C-9F64-5DB8354FB39D}.Release|Any CPU.Build.0 = Release|Any CPU
		{3ABD539D-91EC-4464-8852-5DBA03D6E6CF}.Debug|Any CPU.ActiveCfg = Debug|Any CPU
		{3ABD539D-91EC-4464-8852-5DBA03D6E6CF}.Debug|Any CPU.Build.0 = Debug|Any CPU
		{3ABD539D-91EC-4464-8852-5DBA03D6E6CF}.Release|Any CPU.ActiveCfg = Release|Any CPU
		{3ABD539D-91EC-4464-8852-5DBA03D6E6CF}.Release|Any CPU.Build.0 = Release|Any CPU
		{B04FB19C-BA5C-4D2F-8F31-1F21920854D0}.Debug|Any CPU.ActiveCfg = Debug|Any CPU
		{B04FB19C-BA5C-4D2F-8F31-1F21920854D0}.Debug|Any CPU.Build.0 = Debug|Any CPU
		{B04FB19C-BA5C-4D2F-8F31-1F21920854D0}.Release|Any CPU.ActiveCfg = Release|Any CPU
		{B04FB19C-BA5C-4D2F-8F31-1F21920854D0}.Release|Any CPU.Build.0 = Release|Any CPU
	EndGlobalSection
	GlobalSection(SolutionProperties) = preSolution
		HideSolutionNode = FALSE
	EndGlobalSection
	GlobalSection(NestedProjects) = preSolution
		{A19FB64C-5A8C-4E81-A17B-88B3485EAC78} = {FCC411F5-EFAF-4C4D-B7B1-A7BD659AA5C4}
		{139614B8-A81C-451D-A22C-8DFE06730FC1} = {713FE13D-2A26-4996-9A87-7DD967A51D47}
		{55D79B22-690C-4567-8FFD-D757BBC7C8D9} = {8DFE7907-E3A7-4BAB-A8BE-9F5CA202267A}
		{D539229F-FA3E-419A-99AA-F480A5B7E624} = {B4C315F9-A46A-48C0-8B82-FD433FAD536F}
		{EDB5EBA3-23EE-47A6-9195-02EBD398AAB8} = {C4DCB760-81E3-4831-8561-408A39F8197F}
		{363402DB-4C11-49CB-9AF2-8263A6742EEB} = {A9B5BB2C-F642-4B1C-8419-880FE3691AF9}
		{D10AE1D9-991A-4E3C-9F64-5DB8354FB39D} = {0D10A3D3-2CE6-4FB3-9A31-18F8223BA043}
		{3ABD539D-91EC-4464-8852-5DBA03D6E6CF} = {0478C6A1-136E-4FB1-A4FA-694C4DAAA64D}
		{B04FB19C-BA5C-4D2F-8F31-1F21920854D0} = {0AA699BD-0DBC-429C-9AC1-B9DBBC0E8FA8}
	EndGlobalSection
	GlobalSection(ExtensibilityGlobals) = postSolution
		SolutionGuid = {BBFB55FA-513B-471D-AF54-7D8E38AA24E8}
	EndGlobalSection
EndGlobal
